PODS:
  - Aspects (1.4.1)
  - SDWebImage (4.3.2):
    - SDWebImage/Core (= 4.3.2)
  - SDWebImage/Core (4.3.2)
  - SnapKit (4.0.0)

DEPENDENCIES:
  - Aspects (~> 1.4.1)
  - SDWebImage (~> 4.3.2)
  - SnapKit (~> 4.0.0)

SPEC CHECKSUMS:
  Aspects: 7595ba96a6727a58ebcbfc954497fc5d2fdde546
  SDWebImage: 29bd3c0bc1f01e5eb59720847c64ad4c4ca1af5d
  SnapKit: a42d492c16e80209130a3379f73596c3454b7694

PODFILE CHECKSUM: bb944a36d58aba942fdbddb893533cc500dba639

COCOAPODS: 1.4.0
